// !$*UTF8*$!
{
	archiveVersion = 1;
	classes = {
	};
	objectVersion = 55;
	objects = {

/* Begin PBXBuildFile section */
		4707E2162B2A31D90086ED39 /* Toplam Sure.swift in Sources */ = {isa = PBXBuildFile; fileRef = 4707E2152B2A31D90086ED39 /* Toplam Sure.swift */; };
		47D7E2732B24C87000D4C31E /* ViewController2.swift in Sources */ = {isa = PBXBuildFile; fileRef = 47D7E2722B24C87000D4C31E /* ViewController2.swift */; };
		47D7E2752B24D13200D4C31E /* ViewController3.swift in Sources */ = {isa = PBXBuildFile; fileRef = 47D7E2742B24D13200D4C31E /* ViewController3.swift */; };
		47D7E2772B24D7DF00D4C31E /* ViewController4.swift in Sources */ = {isa = PBXBuildFile; fileRef = 47D7E2762B24D7DF00D4C31E /* ViewController4.swift */; };
		47D7E2792B24F52E00D4C31E /* ViewController5.swift in Sources */ = {isa = PBXBuildFile; fileRef = 47D7E2782B24F52E00D4C31E /* ViewController5.swift */; };
		47DB975A2B26359200237CBD /* ViewController6.swift in Sources */ = {isa = PBXBuildFile; fileRef = 47DB97592B26359200237CBD /* ViewController6.swift */; };
		47DB975C2B264E6600237CBD /* ViewController7.swift in Sources */ = {isa = PBXBuildFile; fileRef = 47DB975B2B264E6600237CBD /* ViewController7.swift */; };
		B701FF3C288EB5AD00683772 /* AppDelegate.swift in Sources */ = {isa = PBXBuildFile; fileRef = B701FF3B288EB5AD00683772 /* AppDelegate.swift */; };
		B701FF3E288EB5AD00683772 /* SceneDelegate.swift in Sources */ = {isa = PBXBuildFile; fileRef = B701FF3D288EB5AD00683772 /* SceneDelegate.swift */; };
		B701FF40288EB5AD00683772 /* ViewController.swift in Sources */ = {isa = PBXBuildFile; fileRef = B701FF3F288EB5AD00683772 /* ViewController.swift */; };
		B701FF43288EB5AD00683772 /* Main.storyboard in Resources */ = {isa = PBXBuildFile; fileRef = B701FF41288EB5AD00683772 /* Main.storyboard */; };
		B701FF45288EB5AF00683772 /* Assets.xcassets in Resources */ = {isa = PBXBuildFile; fileRef = B701FF44288EB5AF00683772 /* Assets.xcassets */; };
		B701FF48288EB5AF00683772 /* LaunchScreen.storyboard in Resources */ = {isa = PBXBuildFile; fileRef = B701FF46288EB5AF00683772 /* LaunchScreen.storyboard */; };
/* End PBXBuildFile section */

/* Begin PBXFileReference section */
		4707E2152B2A31D90086ED39 /* Toplam Sure.swift */ = {isa = PBXFileReference; lastKnownFileType = sourcecode.swift; path = "Toplam Sure.swift"; sourceTree = "<group>"; };
		47D7E2722B24C87000D4C31E /* ViewController2.swift */ = {isa = PBXFileReference; lastKnownFileType = sourcecode.swift; path = ViewController2.swift; sourceTree = "<group>"; };
		47D7E2742B24D13200D4C31E /* ViewController3.swift */ = {isa = PBXFileReference; lastKnownFileType = sourcecode.swift; path = ViewController3.swift; sourceTree = "<group>"; };
		47D7E2762B24D7DF00D4C31E /* ViewController4.swift */ = {isa = PBXFileReference; lastKnownFileType = sourcecode.swift; path = ViewController4.swift; sourceTree = "<group>"; };
		47D7E2782B24F52E00D4C31E /* ViewController5.swift */ = {isa = PBXFileReference; lastKnownFileType = sourcecode.swift; path = ViewController5.swift; sourceTree = "<group>"; };
		47DB97592B26359200237CBD /* ViewController6.swift */ = {isa = PBXFileReference; lastKnownFileType = sourcecode.swift; path = ViewController6.swift; sourceTree = "<group>"; };
		47DB975B2B264E6600237CBD /* ViewController7.swift */ = {isa = PBXFileReference; lastKnownFileType = sourcecode.swift; path = ViewController7.swift; sourceTree = "<group>"; };
		B701FF38288EB5AD00683772 /* MemoryGame.app */ = {isa = PBXFileReference; explicitFileType = wrapper.application; includeInIndex = 0; path = MemoryGame.app; sourceTree = BUILT_PRODUCTS_DIR; };
		B701FF3B288EB5AD00683772 /* AppDelegate.swift */ = {isa = PBXFileReference; lastKnownFileType = sourcecode.swift; path = AppDelegate.swift; sourceTree = "<group>"; };
		B701FF3D288EB5AD00683772 /* SceneDelegate.swift */ = {isa = PBXFileReference; lastKnownFileType = sourcecode.swift; path = SceneDelegate.swift; sourceTree = "<group>"; };
		B701FF3F288EB5AD00683772 /* ViewController.swift */ = {isa = PBXFileReference; lastKnownFileType = sourcecode.swift; path = ViewController.swift; sourceTree = "<group>"; };
		B701FF42288EB5AD00683772 /* Base */ = {isa = PBXFileReference; lastKnownFileType = file.storyboard; name = Base; path = Base.lproj/Main.storyboard; sourceTree = "<group>"; };
		B701FF44288EB5AF00683772 /* Assets.xcassets */ = {isa = PBXFileReference; lastKnownFileType = folder.assetcatalog; path = Assets.xcassets; sourceTree = "<group>"; };
		B701FF47288EB5AF00683772 /* Base */ = {isa = PBXFileReference; lastKnownFileType = file.storyboard; name = Base; path = Base.lproj/LaunchScreen.storyboard; sourceTree = "<group>"; };
		B701FF49288EB5AF00683772 /* Info.plist */ = {isa = PBXFileReference; lastKnownFileType = text.plist.xml; path = Info.plist; sourceTree = "<group>"; };
/* End PBXFileReference section */

/* Begin PBXFrameworksBuildPhase section */
		B701FF35288EB5AD00683772 /* Frameworks */ = {
			isa = PBXFrameworksBuildPhase;
			buildActionMask = 2147483647;
			files = (
			);
			runOnlyForDeploymentPostprocessing = 0;
		};
/* End PBXFrameworksBuildPhase section */

/* Begin PBXGroup section */
		47D7E27B2B24F54400D4C31E /* Controllers */ = {
			isa = PBXGroup;
			children = (
				47D7E2722B24C87000D4C31E /* ViewController2.swift */,
				47D7E2742B24D13200D4C31E /* ViewController3.swift */,
				47D7E2762B24D7DF00D4C31E /* ViewController4.swift */,
				B701FF3F288EB5AD00683772 /* ViewController.swift */,
				47D7E2782B24F52E00D4C31E /* ViewController5.swift */,
				47DB97592B26359200237CBD /* ViewController6.swift */,
				47DB975B2B264E6600237CBD /* ViewController7.swift */,
			);
			path = Controllers;
			sourceTree = "<group>";
		};
		B701FF2F288EB5AD00683772 = {
			isa = PBXGroup;
			children = (
				B701FF3A288EB5AD00683772 /* MemoryGame */,
				B701FF39288EB5AD00683772 /* Products */,
			);
			sourceTree = "<group>";
		};
		B701FF39288EB5AD00683772 /* Products */ = {
			isa = PBXGroup;
			children = (
				B701FF38288EB5AD00683772 /* MemoryGame.app */,
			);
			name = Products;
			sourceTree = "<group>";
		};
		B701FF3A288EB5AD00683772 /* MemoryGame */ = {
			isa = PBXGroup;
			children = (
				47D7E27B2B24F54400D4C31E /* Controllers */,
				4707E2152B2A31D90086ED39 /* Toplam Sure.swift */,
				B701FF3B288EB5AD00683772 /* AppDelegate.swift */,
				B701FF3D288EB5AD00683772 /* SceneDelegate.swift */,
				B701FF41288EB5AD00683772 /* Main.storyboard */,
				B701FF44288EB5AF00683772 /* Assets.xcassets */,
				B701FF46288EB5AF00683772 /* LaunchScreen.storyboard */,
				B701FF49288EB5AF00683772 /* Info.plist */,
			);
			path = MemoryGame;
			sourceTree = "<group>";
		};
/* End PBXGroup section */

/* Begin PBXNativeTarget section */
		B701FF37288EB5AD00683772 /* MemoryGame */ = {
			isa = PBXNativeTarget;
			buildConfigurationList = B701FF4C288EB5AF00683772 /* Build configuration list for PBXNativeTarget "MemoryGame" */;
			buildPhases = (
				B701FF34288EB5AD00683772 /* Sources */,
				B701FF35288EB5AD00683772 /* Frameworks */,
				B701FF36288EB5AD00683772 /* Resources */,
			);
			buildRules = (
			);
			dependencies = (
			);
			name = MemoryGame;
			productName = MemoryGame;
			productReference = B701FF38288EB5AD00683772 /* MemoryGame.app */;
			productType = "com.apple.product-type.application";
		};
/* End PBXNativeTarget section */

/* Begin PBXProject section */
		B701FF30288EB5AD00683772 /* Project object */ = {
			isa = PBXProject;
			attributes = {
				BuildIndependentTargetsInParallel = 1;
				LastSwiftUpdateCheck = 1340;
				LastUpgradeCheck = 1340;
				TargetAttributes = {
					B701FF37288EB5AD00683772 = {
						CreatedOnToolsVersion = 13.4.1;
					};
				};
			};
			buildConfigurationList = B701FF33288EB5AD00683772 /* Build configuration list for PBXProject "MemoryGame" */;
			compatibilityVersion = "Xcode 13.0";
			developmentRegion = en;
			hasScannedForEncodings = 0;
			knownRegions = (
				en,
				Base,
			);
			mainGroup = B701FF2F288EB5AD00683772;
			productRefGroup = B701FF39288EB5AD00683772 /* Products */;
			projectDirPath = "";
			projectRoot = "";
			targets = (
				B701FF37288EB5AD00683772 /* MemoryGame */,
			);
		};
/* End PBXProject section */

/* Begin PBXResourcesBuildPhase section */
		B701FF36288EB5AD00683772 /* Resources */ = {
			isa = PBXResourcesBuildPhase;
			buildActionMask = 2147483647;
			files = (
				B701FF48288EB5AF00683772 /* LaunchScreen.storyboard in Resources */,
				B701FF45288EB5AF00683772 /* Assets.xcassets in Resources */,
				B701FF43288EB5AD00683772 /* Main.storyboard in Resources */,
			);
			runOnlyForDeploymentPostprocessing = 0;
		};
/* End PBXResourcesBuildPhase section */

/* Begin PBXSourcesBuildPhase section */
		B701FF34288EB5AD00683772 /* Sources */ = {
			isa = PBXSourcesBuildPhase;
			buildActionMask = 2147483647;
			files = (
				47D7E2752B24D13200D4C31E /* ViewController3.swift in Sources */,
				47D7E2772B24D7DF00D4C31E /* ViewController4.swift in Sources */,
				B701FF40288EB5AD00683772 /* ViewController.swift in Sources */,
				47D7E2732B24C87000D4C31E /* ViewController2.swift in Sources */,
				4707E2162B2A31D90086ED39 /* Toplam Sure.swift in Sources */,
				B701FF3C288EB5AD00683772 /* AppDelegate.swift in Sources */,
				47DB975A2B26359200237CBD /* ViewController6.swift in Sources */,
				47DB975C2B264E6600237CBD /* ViewController7.swift in Sources */,
				B701FF3E288EB5AD00683772 /* SceneDelegate.swift in Sources */,
				47D7E2792B24F52E00D4C31E /* ViewController5.swift in Sources */,
			);
			runOnlyForDeploymentPostprocessing = 0;
		};
/* End PBXSourcesBuildPhase section */

/* Begin PBXVariantGroup section */
		B701FF41288EB5AD00683772 /* Main.storyboard */ = {
			isa = PBXVariantGroup;
			children = (
				B701FF42288EB5AD00683772 /* Base */,
			);
			name = Main.storyboard;
			sourceTree = "<group>";
		};
		B701FF46288EB5AF00683772 /* LaunchScreen.storyboard */ = {
			isa = PBXVariantGroup;
			children = (
				B701FF47288EB5AF00683772 /* Base */,
			);
			name = LaunchScreen.storyboard;
			sourceTree = "<group>";
		};
/* End PBXVariantGroup section */

/* Begin XCBuildConfiguration section */
		B701FF4A288EB5AF00683772 /* Debug */ = {
			isa = XCBuildConfiguration;
			buildSettings = {
				ALWAYS_SEARCH_USER_PATHS = NO;
				CLANG_ANALYZER_NONNULL = YES;
				CLANG_ANALYZER_NUMBER_OBJECT_CONVERSION = YES_AGGRESSIVE;
				CLANG_CXX_LANGUAGE_STANDARD = "gnu++17";
				CLANG_ENABLE_MODULES = YES;
				CLANG_ENABLE_OBJC_ARC = YES;
				CLANG_ENABLE_OBJC_WEAK = YES;
				CLANG_WARN_BLOCK_CAPTURE_AUTORELEASING = YES;
				CLANG_WARN_BOOL_CONVERSION = YES;
				CLANG_WARN_COMMA = YES;
				CLANG_WARN_CONSTANT_CONVERSION = YES;
				CLANG_WARN_DEPRECATED_OBJC_IMPLEMENTATIONS = YES;
				CLANG_WARN_DIRECT_OBJC_ISA_USAGE = YES_ERROR;
				CLANG_WARN_DOCUMENTATION_COMMENTS = YES;
				CLANG_WARN_EMPTY_BODY = YES;
				CLANG_WARN_ENUM_CONVERSION = YES;
				CLANG_WARN_INFINITE_RECURSION = YES;
				CLANG_WARN_INT_CONVERSION = YES;
				CLANG_WARN_NON_LITERAL_NULL_CONVERSION = YES;
				CLANG_WARN_OBJC_IMPLICIT_RETAIN_SELF = YES;
				CLANG_WARN_OBJC_LITERAL_CONVERSION = YES;
				CLANG_WARN_OBJC_ROOT_CLASS = YES_ERROR;
				CLANG_WARN_QUOTED_INCLUDE_IN_FRAMEWORK_HEADER = YES;
				CLANG_WARN_RANGE_LOOP_ANALYSIS = YES;
				CLANG_WARN_STRICT_PROTOTYPES = YES;
				CLANG_WARN_SUSPICIOUS_MOVE = YES;
				CLANG_WARN_UNGUARDED_AVAILABILITY = YES_AGGRESSIVE;
				CLANG_WARN_UNREACHABLE_CODE = YES;
				CLANG_WARN__DUPLICATE_METHOD_MATCH = YES;
				COPY_PHASE_STRIP = NO;
				DEBUG_INFORMATION_FORMAT = dwarf;
				ENABLE_STRICT_OBJC_MSGSEND = YES;
				ENABLE_TESTABILITY = YES;
				GCC_C_LANGUAGE_STANDARD = gnu11;
				GCC_DYNAMIC_NO_PIC = NO;
				GCC_NO_COMMON_BLOCKS = YES;
				GCC_OPTIMIZATION_LEVEL = 0;
				GCC_PREPROCESSOR_DEFINITIONS = (
					"DEBUG=1",
					"$(inherited)",
				);
				GCC_WARN_64_TO_32_BIT_CONVERSION = YES;
				GCC_WARN_ABOUT_RETURN_TYPE = YES_ERROR;
				GCC_WARN_UNDECLARED_SELECTOR = YES;
				GCC_WARN_UNINITIALIZED_AUTOS = YES_AGGRESSIVE;
				GCC_WARN_UNUSED_FUNCTION = YES;
				GCC_WARN_UNUSED_VARIABLE = YES;
				IPHONEOS_DEPLOYMENT_TARGET = 15.5;
				MTL_ENABLE_DEBUG_INFO = INCLUDE_SOURCE;
				MTL_FAST_MATH = YES;
				ONLY_ACTIVE_ARCH = YES;
				SDKROOT = iphoneos;
				SWIFT_ACTIVE_COMPILATION_CONDITIONS = DEBUG;
				SWIFT_OPTIMIZATION_LEVEL = "-Onone";
			};
			name = Debug;
		};
		B701FF4B288EB5AF00683772 /* Release */ = {
			isa = XCBuildConfiguration;
			buildSettings = {
				ALWAYS_SEARCH_USER_PATHS = NO;
				CLANG_ANALYZER_NONNULL = YES;
				CLANG_ANALYZER_NUMBER_OBJECT_CONVERSION = YES_AGGRESSIVE;
				CLANG_CXX_LANGUAGE_STANDARD = "gnu++17";
				CLANG_ENABLE_MODULES = YES;
				CLANG_ENABLE_OBJC_ARC = YES;
				CLANG_ENABLE_OBJC_WEAK = YES;
				CLANG_WARN_BLOCK_CAPTURE_AUTORELEASING = YES;
				CLANG_WARN_BOOL_CONVERSION = YES;
				CLANG_WARN_COMMA = YES;
				CLANG_WARN_CONSTANT_CONVERSION = YES;
				CLANG_WARN_DEPRECATED_OBJC_IMPLEMENTATIONS = YES;
				CLANG_WARN_DIRECT_OBJC_ISA_USAGE = YES_ERROR;
				CLANG_WARN_DOCUMENTATION_COMMENTS = YES;
				CLANG_WARN_EMPTY_BODY = YES;
				CLANG_WARN_ENUM_CONVERSION = YES;
				CLANG_WARN_INFINITE_RECURSION = YES;
				CLANG_WARN_INT_CONVERSION = YES;
				CLANG_WARN_NON_LITERAL_NULL_CONVERSION = YES;
				CLANG_WARN_OBJC_IMPLICIT_RETAIN_SELF = YES;
				CLANG_WARN_OBJC_LITERAL_CONVERSION = YES;
				CLANG_WARN_OBJC_ROOT_CLASS = YES_ERROR;
				CLANG_WARN_QUOTED_INCLUDE_IN_FRAMEWORK_HEADER = YES;
				CLANG_WARN_RANGE_LOOP_ANALYSIS = YES;
				CLANG_WARN_STRICT_PROTOTYPES = YES;
				CLANG_WARN_SUSPICIOUS_MOVE = YES;
				CLANG_WARN_UNGUARDED_AVAILABILITY = YES_AGGRESSIVE;
				CLANG_WARN_UNREACHABLE_CODE = YES;
				CLANG_WARN__DUPLICATE_METHOD_MATCH = YES;
				COPY_PHASE_STRIP = NO;
				DEBUG_INFORMATION_FORMAT = "dwarf-with-dsym";
				ENABLE_NS_ASSERTIONS = NO;
				ENABLE_STRICT_OBJC_MSGSEND = YES;
				GCC_C_LANGUAGE_STANDARD = gnu11;
				GCC_NO_COMMON_BLOCKS = YES;
				GCC_WARN_64_TO_32_BIT_CONVERSION = YES;
				GCC_WARN_ABOUT_RETURN_TYPE = YES_ERROR;
				GCC_WARN_UNDECLARED_SELECTOR = YES;
				GCC_WARN_UNINITIALIZED_AUTOS = YES_AGGRESSIVE;
				GCC_WARN_UNUSED_FUNCTION = YES;
				GCC_WARN_UNUSED_VARIABLE = YES;
				IPHONEOS_DEPLOYMENT_TARGET = 15.5;
				MTL_ENABLE_DEBUG_INFO = NO;
				MTL_FAST_MATH = YES;
				SDKROOT = iphoneos;
				SWIFT_COMPILATION_MODE = wholemodule;
				SWIFT_OPTIMIZATION_LEVEL = "-O";
				VALIDATE_PRODUCT = YES;
			};
			name = Release;
		};
		B701FF4D288EB5AF00683772 /* Debug */ = {
			isa = XCBuildConfiguration;
			buildSettings = {
				ASSETCATALOG_COMPILER_APPICON_NAME = AppIcon;
				ASSETCATALOG_COMPILER_GLOBAL_ACCENT_COLOR_NAME = AccentColor;
				CODE_SIGN_IDENTITY = "Apple Development";
				CODE_SIGN_STYLE = Automatic;
				CURRENT_PROJECT_VERSION = 1;
				DEVELOPMENT_TEAM = P73KF8KT5F;
				GENERATE_INFOPLIST_FILE = YES;
				INFOPLIST_FILE = MemoryGame/Info.plist;
				INFOPLIST_KEY_CFBundleDisplayName = "Memory Game";
				INFOPLIST_KEY_UIApplicationSupportsIndirectInputEvents = YES;
				INFOPLIST_KEY_UILaunchStoryboardName = LaunchScreen;
				INFOPLIST_KEY_UIMainStoryboardFile = Main;
				INFOPLIST_KEY_UIStatusBarStyle = "";
				INFOPLIST_KEY_UISupportedInterfaceOrientations_iPad = "UIInterfaceOrientationPortrait UIInterfaceOrientationPortraitUpsideDown UIInterfaceOrientationLandscapeLeft UIInterfaceOrientationLandscapeRight";
				INFOPLIST_KEY_UISupportedInterfaceOrientations_iPhone = "UIInterfaceOrientationPortrait UIInterfaceOrientationLandscapeLeft UIInterfaceOrientationLandscapeRight";
				LD_RUNPATH_SEARCH_PATHS = (
					"$(inherited)",
					"@executable_path/Frameworks",
				);
				MARKETING_VERSION = 1.0;
				PRODUCT_BUNDLE_IDENTIFIER = com.first.MemoryGame;
				PRODUCT_NAME = "$(TARGET_NAME)";
				PROVISIONING_PROFILE_SPECIFIER = "";
				SWIFT_EMIT_LOC_STRINGS = YES;
				SWIFT_VERSION = 5.0;
				TARGETED_DEVICE_FAMILY = "1,2";
			};
			name = Debug;
		};
		B701FF4E288EB5AF00683772 /* Release */ = {
			isa = XCBuildConfiguration;
			buildSettings = {
				ASSETCATALOG_COMPILER_APPICON_NAME = AppIcon;
				ASSETCATALOG_COMPILER_GLOBAL_ACCENT_COLOR_NAME = AccentColor;
				CODE_SIGN_IDENTITY = "Apple Development";
				CODE_SIGN_STYLE = Automatic;
				CURRENT_PROJECT_VERSION = 1;
				DEVELOPMENT_TEAM = P73KF8KT5F;
				GENERATE_INFOPLIST_FILE = YES;
				INFOPLIST_FILE = MemoryGame/Info.plist;
				INFOPLIST_KEY_CFBundleDisplayName = "Memory Game";
				INFOPLIST_KEY_UIApplicationSupportsIndirectInputEvents = YES;
				INFOPLIST_KEY_UILaunchStoryboardName = LaunchScreen;
				INFOPLIST_KEY_UIMainStoryboardFile = Main;
				INFOPLIST_KEY_UIStatusBarStyle = "";
				INFOPLIST_KEY_UISupportedInterfaceOrientations_iPad = "UIInterfaceOrientationPortrait UIInterfaceOrientationPortraitUpsideDown UIInterfaceOrientationLandscapeLeft UIInterfaceOrientationLandscapeRight";
				INFOPLIST_KEY_UISupportedInterfaceOrientations_iPhone = "UIInterfaceOrientationPortrait UIInterfaceOrientationLandscapeLeft UIInterfaceOrientationLandscapeRight";
				LD_RUNPATH_SEARCH_PATHS = (
					"$(inherited)",
					"@executable_path/Frameworks",
				);
				MARKETING_VERSION = 1.0;
				PRODUCT_BUNDLE_IDENTIFIER = com.first.MemoryGame;
				PRODUCT_NAME = "$(TARGET_NAME)";
				PROVISIONING_PROFILE_SPECIFIER = "";
				SWIFT_EMIT_LOC_STRINGS = YES;
				SWIFT_VERSION = 5.0;
				TARGETED_DEVICE_FAMILY = "1,2";
			};
			name = Release;
		};
/* End XCBuildConfiguration section */

/* Begin XCConfigurationList section */
		B701FF33288EB5AD00683772 /* Build configuration list for PBXProject "MemoryGame" */ = {
			isa = XCConfigurationList;
			buildConfigurations = (
				B701FF4A288EB5AF00683772 /* Debug */,
				B701FF4B288EB5AF00683772 /* Release */,
			);
			defaultConfigurationIsVisible = 0;
			defaultConfigurationName = Release;
		};
		B701FF4C288EB5AF00683772 /* Build configuration list for PBXNativeTarget "MemoryGame" */ = {
			isa = XCConfigurationList;
			buildConfigurations = (
				B701FF4D288EB5AF00683772 /* Debug */,
				B701FF4E288EB5AF00683772 /* Release */,
			);
			defaultConfigurationIsVisible = 0;
			defaultConfigurationName = Release;
		};
/* End XCConfigurationList section */
	};
	rootObject = B701FF30288EB5AD00683772 /* Project object */;
}
